
Microsoft Visual Studio Solution File, Format Version 12.00
# Visual Studio 2013
VisualStudioVersion = 12.0.40629.0
MinimumVisualStudioVersion = 10.0.40219.1
Project("{FAE04EC0-301F-11D3-BF4B-00C04F79EFBC}") = "PreventCataclysmSystems", "PreventCataclysmSystems\PreventCataclysmSystems.csproj", "{7C55471A-1E1B-4C81-B9A9-F2E54586BFED}"
EndProject
Project("{FAE04EC0-301F-11D3-BF4B-00C04F79EFBC}") = "DsAdmin", "DsAdmin\DsAdmin.csproj", "{B5C512B5-E057-4E1D-A29C-770C20506B41}"
EndProject
Global
	GlobalSection(SolutionConfigurationPlatforms) = preSolution
		Debug|Any CPU = Debug|Any CPU
		Release|Any CPU = Release|Any CPU
	EndGlobalSection
	GlobalSection(ProjectConfigurationPlatforms) = postSolution
		{7C55471A-1E1B-4C81-B9A9-F2E54586BFED}.Debug|Any CPU.ActiveCfg = Debug|Any CPU
		{7C55471A-1E1B-4C81-B9A9-F2E54586BFED}.Debug|Any CPU.Build.0 = Debug|Any CPU
		{7C55471A-1E1B-4C81-B9A9-F2E54586BFED}.Release|Any CPU.ActiveCfg = Release|Any CPU
		{7C55471A-1E1B-4C81-B9A9-F2E54586BFED}.Release|Any CPU.Build.0 = Release|Any CPU
		{B5C512B5-E057-4E1D-A29C-770C20506B41}.Debug|Any CPU.ActiveCfg = Debug|Any CPU
		{B5C512B5-E057-4E1D-A29C-770C20506B41}.Debug|Any CPU.Build.0 = Debug|Any CPU
		{B5C512B5-E057-4E1D-A29C-770C20506B41}.Release|Any CPU.ActiveCfg = Release|Any CPU
		{B5C512B5-E057-4E1D-A29C-770C20506B41}.Release|Any CPU.Build.0 = Release|Any CPU
	EndGlobalSection
	GlobalSection(SolutionProperties) = preSolution
		HideSolutionNode = FALSE
	EndGlobalSection
EndGlobal
